Microsoft Visual Studio Solution File, Format Version 10.00
# Visual Studio 2008
Project("{FAE04EC0-301F-11D3-BF4B-00C04F79EFBC}") = "WpfXtraReports", "WpfXtraReports.csproj", "{BD5F0C99-C5A7-4108-82A5-9F92313E5C38}"
EndProject
Global
	GlobalSection(SolutionConfigurationPlatforms) = preSolution
		Debug|Any CPU = Debug|Any CPU
		Release|Any CPU = Release|Any CPU
	EndGlobalSection
	GlobalSection(ProjectConfigurationPlatforms) = postSolution
		{BD5F0C99-C5A7-4108-82A5-9F92313E5C38}.Debug|Any CPU.ActiveCfg = Debug|Any CPU
		{BD5F0C99-C5A7-4108-82A5-9F92313E5C38}.Debug|Any CPU.Build.0 = Debug|Any CPU
		{BD5F0C99-C5A7-4108-82A5-9F92313E5C38}.Release|Any CPU.ActiveCfg = Release|Any CPU
		{BD5F0C99-C5A7-4108-82A5-9F92313E5C38}.Release|Any CPU.Build.0 = Release|Any CPU
	EndGlobalSection
	GlobalSection(SolutionProperties) = preSolution
		HideSolutionNode = FALSE
	EndGlobalSection
EndGlobal
